
Microsoft Visual Studio Solution File, Format Version 12.00
# Visual Studio Version 16
VisualStudioVersion = 16.0.30413.136
MinimumVisualStudioVersion = 10.0.40219.1
Project("{9A19103F-16F7-4668-BE54-9A1E7A4F7556}") = "DataStructures", "DataStructures\DataStructures.csproj", "{17CC5C55-1E61-4317-9FCC-8C78E14F52A7}"
EndProject
Project("{9A19103F-16F7-4668-BE54-9A1E7A4F7556}") = "Consola", "Consola\Consola.csproj", "{4FA428E8-3C3A-4E8F-B1A2-2160A6FB6E9F}"
EndProject
Project("{FAE04EC0-301F-11D3-BF4B-00C04F79EFBC}") = "API", "API\API.csproj", "{C3402D7C-DD67-492B-A560-AAB2F620772F}"
EndProject
Global
	GlobalSection(SolutionConfigurationPlatforms) = preSolution
		Debug|Any CPU = Debug|Any CPU
		Release|Any CPU = Release|Any CPU
	EndGlobalSection
	GlobalSection(ProjectConfigurationPlatforms) = postSolution
		{17CC5C55-1E61-4317-9FCC-8C78E14F52A7}.Debug|Any CPU.ActiveCfg = Debug|Any CPU
		{17CC5C55-1E61-4317-9FCC-8C78E14F52A7}.Debug|Any CPU.Build.0 = Debug|Any CPU
		{17CC5C55-1E61-4317-9FCC-8C78E14F52A7}.Release|Any CPU.ActiveCfg = Release|Any CPU
		{17CC5C55-1E61-4317-9FCC-8C78E14F52A7}.Release|Any CPU.Build.0 = Release|Any CPU
		{4FA428E8-3C3A-4E8F-B1A2-2160A6FB6E9F}.Debug|Any CPU.ActiveCfg = Debug|Any CPU
		{4FA428E8-3C3A-4E8F-B1A2-2160A6FB6E9F}.Debug|Any CPU.Build.0 = Debug|Any CPU
		{4FA428E8-3C3A-4E8F-B1A2-2160A6FB6E9F}.Release|Any CPU.ActiveCfg = Release|Any CPU
		{4FA428E8-3C3A-4E8F-B1A2-2160A6FB6E9F}.Release|Any CPU.Build.0 = Release|Any CPU
		{C3402D7C-DD67-492B-A560-AAB2F620772F}.Debug|Any CPU.ActiveCfg = Debug|Any CPU
		{C3402D7C-DD67-492B-A560-AAB2F620772F}.Debug|Any CPU.Build.0 = Debug|Any CPU
		{C3402D7C-DD67-492B-A560-AAB2F620772F}.Release|Any CPU.ActiveCfg = Release|Any CPU
		{C3402D7C-DD67-492B-A560-AAB2F620772F}.Release|Any CPU.Build.0 = Release|Any CPU
	EndGlobalSection
	GlobalSection(SolutionProperties) = preSolution
		HideSolutionNode = FALSE
	EndGlobalSection
	GlobalSection(ExtensibilityGlobals) = postSolution
		SolutionGuid = {D8586621-6D7E-446E-8645-9B732CCE9863}
	EndGlobalSection
EndGlobal
